// !$*UTF8*$!
{
	archiveVersion = 1;
	classes = {
	};
	objectVersion = 48;
	objects = {

/* Begin PBXBuildFile section */
		AC9FD1A71FC70DB900B40B1A /* AppDelegate.swift in Sources */ = {isa = PBXBuildFile; fileRef = AC9FD1A61FC70DB900B40B1A /* AppDelegate.swift */; };
		AC9FD1A91FC70DB900B40B1A /* ViewController.swift in Sources */ = {isa = PBXBuildFile; fileRef = AC9FD1A81FC70DB900B40B1A /* ViewController.swift */; };
		AC9FD1AC1FC70DB900B40B1A /* Main.storyboard in Resources */ = {isa = PBXBuildFile; fileRef = AC9FD1AA1FC70DB900B40B1A /* Main.storyboard */; };
		AC9FD1AE1FC70DB900B40B1A /* Assets.xcassets in Resources */ = {isa = PBXBuildFile; fileRef = AC9FD1AD1FC70DB900B40B1A /* Assets.xcassets */; };
		AC9FD1B11FC70DB900B40B1A /* LaunchScreen.storyboard in Resources */ = {isa = PBXBuildFile; fileRef = AC9FD1AF1FC70DB900B40B1A /* LaunchScreen.storyboard */; };
		AC9FD1BC1FC70DB900B40B1A /* Dzikir_Ba_da_SholatTests.swift in Sources */ = {isa = PBXBuildFile; fileRef = AC9FD1BB1FC70DB900B40B1A /* Dzikir_Ba_da_SholatTests.swift */; };
		AC9FD1C71FC70DB900B40B1A /* Dzikir_Ba_da_SholatUITests.swift in Sources */ = {isa = PBXBuildFile; fileRef = AC9FD1C61FC70DB900B40B1A /* Dzikir_Ba_da_SholatUITests.swift */; };
		AC9FD1D51FC7101C00B40B1A /* SubhanallahViewController.swift in Sources */ = {isa = PBXBuildFile; fileRef = AC9FD1D41FC7101C00B40B1A /* SubhanallahViewController.swift */; };
		AC9FD1D71FC7102C00B40B1A /* AlhamdlillahViewController.swift in Sources */ = {isa = PBXBuildFile; fileRef = AC9FD1D61FC7102C00B40B1A /* AlhamdlillahViewController.swift */; };
		AC9FD1D91FC7103A00B40B1A /* AllahuAkbarViewController.swift in Sources */ = {isa = PBXBuildFile; fileRef = AC9FD1D81FC7103A00B40B1A /* AllahuAkbarViewController.swift */; };
/* End PBXBuildFile section */

/* Begin PBXContainerItemProxy section */
		AC9FD1B81FC70DB900B40B1A /* PBXContainerItemProxy */ = {
			isa = PBXContainerItemProxy;
			containerPortal = AC9FD19B1FC70DB900B40B1A /* Project object */;
			proxyType = 1;
			remoteGlobalIDString = AC9FD1A21FC70DB900B40B1A;
			remoteInfo = "Dzikir Ba'da Sholat";
		};
		AC9FD1C31FC70DB900B40B1A /* PBXContainerItemProxy */ = {
			isa = PBXContainerItemProxy;
			containerPortal = AC9FD19B1FC70DB900B40B1A /* Project object */;
			proxyType = 1;
			remoteGlobalIDString = AC9FD1A21FC70DB900B40B1A;
			remoteInfo = "Dzikir Ba'da Sholat";
		};
/* End PBXContainerItemProxy section */

/* Begin PBXFileReference section */
		AC9FD1A31FC70DB900B40B1A /* Dzikir Ba'da Sholat.app */ = {isa = PBXFileReference; explicitFileType = wrapper.application; includeInIndex = 0; path = "Dzikir Ba'da Sholat.app"; sourceTree = BUILT_PRODUCTS_DIR; };
		AC9FD1A61FC70DB900B40B1A /* AppDelegate.swift */ = {isa = PBXFileReference; lastKnownFileType = sourcecode.swift; path = AppDelegate.swift; sourceTree = "<group>"; };
		AC9FD1A81FC70DB900B40B1A /* ViewController.swift */ = {isa = PBXFileReference; lastKnownFileType = sourcecode.swift; path = ViewController.swift; sourceTree = "<group>"; };
		AC9FD1AB1FC70DB900B40B1A /* Base */ = {isa = PBXFileReference; lastKnownFileType = file.storyboard; name = Base; path = Base.lproj/Main.storyboard; sourceTree = "<group>"; };
		AC9FD1AD1FC70DB900B40B1A /* Assets.xcassets */ = {isa = PBXFileReference; lastKnownFileType = folder.assetcatalog; path = Assets.xcassets; sourceTree = "<group>"; };
		AC9FD1B01FC70DB900B40B1A /* Base */ = {isa = PBXFileReference; lastKnownFileType = file.storyboard; name = Base; path = Base.lproj/LaunchScreen.storyboard; sourceTree = "<group>"; };
		AC9FD1B21FC70DB900B40B1A /* Info.plist */ = {isa = PBXFileReference; lastKnownFileType = text.plist.xml; path = Info.plist; sourceTree = "<group>"; };
		AC9FD1B71FC70DB900B40B1A /* Dzikir Ba'da SholatTests.xctest */ = {isa = PBXFileReference; explicitFileType = wrapper.cfbundle; includeInIndex = 0; path = "Dzikir Ba'da SholatTests.xctest"; sourceTree = BUILT_PRODUCTS_DIR; };
		AC9FD1BB1FC70DB900B40B1A /* Dzikir_Ba_da_SholatTests.swift */ = {isa = PBXFileReference; lastKnownFileType = sourcecode.swift; path = Dzikir_Ba_da_SholatTests.swift; sourceTree = "<group>"; };
		AC9FD1BD1FC70DB900B40B1A /* Info.plist */ = {isa = PBXFileReference; lastKnownFileType = text.plist.xml; path = Info.plist; sourceTree = "<group>"; };
		AC9FD1C21FC70DB900B40B1A /* Dzikir Ba'da SholatUITests.xctest */ = {isa = PBXFileReference; explicitFileType = wrapper.cfbundle; includeInIndex = 0; path = "Dzikir Ba'da SholatUITests.xctest"; sourceTree = BUILT_PRODUCTS_DIR; };
		AC9FD1C61FC70DB900B40B1A /* Dzikir_Ba_da_SholatUITests.swift */ = {isa = PBXFileReference; lastKnownFileType = sourcecode.swift; path = Dzikir_Ba_da_SholatUITests.swift; sourceTree = "<group>"; };
		AC9FD1C81FC70DB900B40B1A /* Info.plist */ = {isa = PBXFileReference; lastKnownFileType = text.plist.xml; path = Info.plist; sourceTree = "<group>"; };
		AC9FD1D41FC7101C00B40B1A /* SubhanallahViewController.swift */ = {isa = PBXFileReference; lastKnownFileType = sourcecode.swift; path = SubhanallahViewController.swift; sourceTree = "<group>"; };
		AC9FD1D61FC7102C00B40B1A /* AlhamdlillahViewController.swift */ = {isa = PBXFileReference; lastKnownFileType = sourcecode.swift; path = AlhamdlillahViewController.swift; sourceTree = "<group>"; };
		AC9FD1D81FC7103A00B40B1A /* AllahuAkbarViewController.swift */ = {isa = PBXFileReference; lastKnownFileType = sourcecode.swift; path = AllahuAkbarViewController.swift; sourceTree = "<group>"; };
/* End PBXFileReference section */

/* Begin PBXFrameworksBuildPhase section */
		AC9FD1A01FC70DB900B40B1A /* Frameworks */ = {
			isa = PBXFrameworksBuildPhase;
			buildActionMask = 2147483647;
			files = (
			);
			runOnlyForDeploymentPostprocessing = 0;
		};
		AC9FD1B41FC70DB900B40B1A /* Frameworks */ = {
			isa = PBXFrameworksBuildPhase;
			buildActionMask = 2147483647;
			files = (
			);
			runOnlyForDeploymentPostprocessing = 0;
		};
		AC9FD1BF1FC70DB900B40B1A /* Frameworks */ = {
			isa = PBXFrameworksBuildPhase;
			buildActionMask = 2147483647;
			files = (
			);
			runOnlyForDeploymentPostprocessing = 0;
		};
/* End PBXFrameworksBuildPhase section */

/* Begin PBXGroup section */
		AC9FD19A1FC70DB900B40B1A = {
			isa = PBXGroup;
			children = (
				AC9FD1A51FC70DB900B40B1A /* Dzikir Ba'da Sholat */,
				AC9FD1BA1FC70DB900B40B1A /* Dzikir Ba'da SholatTests */,
				AC9FD1C51FC70DB900B40B1A /* Dzikir Ba'da SholatUITests */,
				AC9FD1A41FC70DB900B40B1A /* Products */,
			);
			sourceTree = "<group>";
		};
		AC9FD1A41FC70DB900B40B1A /* Products */ = {
			isa = PBXGroup;
			children = (
				AC9FD1A31FC70DB900B40B1A /* Dzikir Ba'da Sholat.app */,
				AC9FD1B71FC70DB900B40B1A /* Dzikir Ba'da SholatTests.xctest */,
				AC9FD1C21FC70DB900B40B1A /* Dzikir Ba'da SholatUITests.xctest */,
			);
			name = Products;
			sourceTree = "<group>";
		};
		AC9FD1A51FC70DB900B40B1A /* Dzikir Ba'da Sholat */ = {
			isa = PBXGroup;
			children = (
				AC9FD1A61FC70DB900B40B1A /* AppDelegate.swift */,
				AC9FD1A81FC70DB900B40B1A /* ViewController.swift */,
				AC9FD1AA1FC70DB900B40B1A /* Main.storyboard */,
				AC9FD1AD1FC70DB900B40B1A /* Assets.xcassets */,
				AC9FD1AF1FC70DB900B40B1A /* LaunchScreen.storyboard */,
				AC9FD1B21FC70DB900B40B1A /* Info.plist */,
				AC9FD1D41FC7101C00B40B1A /* SubhanallahViewController.swift */,
				AC9FD1D61FC7102C00B40B1A /* AlhamdlillahViewController.swift */,
				AC9FD1D81FC7103A00B40B1A /* AllahuAkbarViewController.swift */,
			);
			path = "Dzikir Ba'da Sholat";
			sourceTree = "<group>";
		};
		AC9FD1BA1FC70DB900B40B1A /* Dzikir Ba'da SholatTests */ = {
			isa = PBXGroup;
			children = (
				AC9FD1BB1FC70DB900B40B1A /* Dzikir_Ba_da_SholatTests.swift */,
				AC9FD1BD1FC70DB900B40B1A /* Info.plist */,
			);
			path = "Dzikir Ba'da SholatTests";
			sourceTree = "<group>";
		};
		AC9FD1C51FC70DB900B40B1A /* Dzikir Ba'da SholatUITests */ = {
			isa = PBXGroup;
			children = (
				AC9FD1C61FC70DB900B40B1A /* Dzikir_Ba_da_SholatUITests.swift */,
				AC9FD1C81FC70DB900B40B1A /* Info.plist */,
			);
			path = "Dzikir Ba'da SholatUITests";
			sourceTree = "<group>";
		};
/* End PBXGroup section */

/* Begin PBXNativeTarget section */
		AC9FD1A21FC70DB900B40B1A /* Dzikir Ba'da Sholat */ = {
			isa = PBXNativeTarget;
			buildConfigurationList = AC9FD1CB1FC70DB900B40B1A /* Build configuration list for PBXNativeTarget "Dzikir Ba'da Sholat" */;
			buildPhases = (
				AC9FD19F1FC70DB900B40B1A /* Sources */,
				AC9FD1A01FC70DB900B40B1A /* Frameworks */,
				AC9FD1A11FC70DB900B40B1A /* Resources */,
			);
			buildRules = (
			);
			dependencies = (
			);
			name = "Dzikir Ba'da Sholat";
			productName = "Dzikir Ba'da Sholat";
			productReference = AC9FD1A31FC70DB900B40B1A /* Dzikir Ba'da Sholat.app */;
			productType = "com.apple.product-type.application";
		};
		AC9FD1B61FC70DB900B40B1A /* Dzikir Ba'da SholatTests */ = {
			isa = PBXNativeTarget;
			buildConfigurationList = AC9FD1CE1FC70DB900B40B1A /* Build configuration list for PBXNativeTarget "Dzikir Ba'da SholatTests" */;
			buildPhases = (
				AC9FD1B31FC70DB900B40B1A /* Sources */,
				AC9FD1B41FC70DB900B40B1A /* Frameworks */,
				AC9FD1B51FC70DB900B40B1A /* Resources */,
			);
			buildRules = (
			);
			dependencies = (
				AC9FD1B91FC70DB900B40B1A /* PBXTargetDependency */,
			);
			name = "Dzikir Ba'da SholatTests";
			productName = "Dzikir Ba'da SholatTests";
			productReference = AC9FD1B71FC70DB900B40B1A /* Dzikir Ba'da SholatTests.xctest */;
			productType = "com.apple.product-type.bundle.unit-test";
		};
		AC9FD1C11FC70DB900B40B1A /* Dzikir Ba'da SholatUITests */ = {
			isa = PBXNativeTarget;
			buildConfigurationList = AC9FD1D11FC70DB900B40B1A /* Build configuration list for PBXNativeTarget "Dzikir Ba'da SholatUITests" */;
			buildPhases = (
				AC9FD1BE1FC70DB900B40B1A /* Sources */,
				AC9FD1BF1FC70DB900B40B1A /* Frameworks */,
				AC9FD1C01FC70DB900B40B1A /* Resources */,
			);
			buildRules = (
			);
			dependencies = (
				AC9FD1C41FC70DB900B40B1A /* PBXTargetDependency */,
			);
			name = "Dzikir Ba'da SholatUITests";
			productName = "Dzikir Ba'da SholatUITests";
			productReference = AC9FD1C21FC70DB900B40B1A /* Dzikir Ba'da SholatUITests.xctest */;
			productType = "com.apple.product-type.bundle.ui-testing";
		};
/* End PBXNativeTarget section */

/* Begin PBXProject section */
		AC9FD19B1FC70DB900B40B1A /* Project object */ = {
			isa = PBXProject;
			attributes = {
				LastSwiftUpdateCheck = 0910;
				LastUpgradeCheck = 0910;
				ORGANIZATIONNAME = "Abi Sayuti";
				TargetAttributes = {
					AC9FD1A21FC70DB900B40B1A = {
						CreatedOnToolsVersion = 9.1;
						ProvisioningStyle = Automatic;
					};
					AC9FD1B61FC70DB900B40B1A = {
						CreatedOnToolsVersion = 9.1;
						ProvisioningStyle = Automatic;
						TestTargetID = AC9FD1A21FC70DB900B40B1A;
					};
					AC9FD1C11FC70DB900B40B1A = {
						CreatedOnToolsVersion = 9.1;
						ProvisioningStyle = Automatic;
						TestTargetID = AC9FD1A21FC70DB900B40B1A;
					};
				};
			};
			buildConfigurationList = AC9FD19E1FC70DB900B40B1A /* Build configuration list for PBXProject "Dzikir Ba'da Sholat" */;
			compatibilityVersion = "Xcode 8.0";
			developmentRegion = en;
			hasScannedForEncodings = 0;
			knownRegions = (
				en,
				Base,
			);
			mainGroup = AC9FD19A1FC70DB900B40B1A;
			productRefGroup = AC9FD1A41FC70DB900B40B1A /* Products */;
			projectDirPath = "";
			projectRoot = "";
			targets = (
				AC9FD1A21FC70DB900B40B1A /* Dzikir Ba'da Sholat */,
				AC9FD1B61FC70DB900B40B1A /* Dzikir Ba'da SholatTests */,
				AC9FD1C11FC70DB900B40B1A /* Dzikir Ba'da SholatUITests */,
			);
		};
/* End PBXProject section */

/* Begin PBXResourcesBuildPhase section */
		AC9FD1A11FC70DB900B40B1A /* Resources */ = {
			isa = PBXResourcesBuildPhase;
			buildActionMask = 2147483647;
			files = (
				AC9FD1B11FC70DB900B40B1A /* LaunchScreen.storyboard in Resources */,
				AC9FD1AE1FC70DB900B40B1A /* Assets.xcassets in Resources */,
				AC9FD1AC1FC70DB900B40B1A /* Main.storyboard in Resources */,
			);
			runOnlyForDeploymentPostprocessing = 0;
		};
		AC9FD1B51FC70DB900B40B1A /* Resources */ = {
			isa = PBXResourcesBuildPhase;
			buildActionMask = 2147483647;
			files = (
			);
			runOnlyForDeploymentPostprocessing = 0;
		};
		AC9FD1C01FC70DB900B40B1A /* Resources */ = {
			isa = PBXResourcesBuildPhase;
			buildActionMask = 2147483647;
			files = (
			);
			runOnlyForDeploymentPostprocessing = 0;
		};
/* End PBXResourcesBuildPhase section */

/* Begin PBXSourcesBuildPhase section */
		AC9FD19F1FC70DB900B40B1A /* Sources */ = {
			isa = PBXSourcesBuildPhase;
			buildActionMask = 2147483647;
			files = (
				AC9FD1A91FC70DB900B40B1A /* ViewController.swift in Sources */,
				AC9FD1D91FC7103A00B40B1A /* AllahuAkbarViewController.swift in Sources */,
				AC9FD1D51FC7101C00B40B1A /* SubhanallahViewController.swift in Sources */,
				AC9FD1D71FC7102C00B40B1A /* AlhamdlillahViewController.swift in Sources */,
				AC9FD1A71FC70DB900B40B1A /* AppDelegate.swift in Sources */,
			);
			runOnlyForDeploymentPostprocessing = 0;
		};
		AC9FD1B31FC70DB900B40B1A /* Sources */ = {
			isa = PBXSourcesBuildPhase;
			buildActionMask = 2147483647;
			files = (
				AC9FD1BC1FC70DB900B40B1A /* Dzikir_Ba_da_SholatTests.swift in Sources */,
			);
			runOnlyForDeploymentPostprocessing = 0;
		};
		AC9FD1BE1FC70DB900B40B1A /* Sources */ = {
			isa = PBXSourcesBuildPhase;
			buildActionMask = 2147483647;
			files = (
				AC9FD1C71FC70DB900B40B1A /* Dzikir_Ba_da_SholatUITests.swift in Sources */,
			);
			runOnlyForDeploymentPostprocessing = 0;
		};
/* End PBXSourcesBuildPhase section */

/* Begin PBXTargetDependency section */
		AC9FD1B91FC70DB900B40B1A /* PBXTargetDependency */ = {
			isa = PBXTargetDependency;
			target = AC9FD1A21FC70DB900B40B1A /* Dzikir Ba'da Sholat */;
			targetProxy = AC9FD1B81FC70DB900B40B1A /* PBXContainerItemProxy */;
		};
		AC9FD1C41FC70DB900B40B1A /* PBXTargetDependency */ = {
			isa = PBXTargetDependency;
			target = AC9FD1A21FC70DB900B40B1A /* Dzikir Ba'da Sholat */;
			targetProxy = AC9FD1C31FC70DB900B40B1A /* PBXContainerItemProxy */;
		};
/* End PBXTargetDependency section */

/* Begin PBXVariantGroup section */
		AC9FD1AA1FC70DB900B40B1A /* Main.storyboard */ = {
			isa = PBXVariantGroup;
			children = (
				AC9FD1AB1FC70DB900B40B1A /* Base */,
			);
			name = Main.storyboard;
			sourceTree = "<group>";
		};
		AC9FD1AF1FC70DB900B40B1A /* LaunchScreen.storyboard */ = {
			isa = PBXVariantGroup;
			children = (
				AC9FD1B01FC70DB900B40B1A /* Base */,
			);
			name = LaunchScreen.storyboard;
			sourceTree = "<group>";
		};
/* End PBXVariantGroup section */

/* Begin XCBuildConfiguration section */
		AC9FD1C91FC70DB900B40B1A /* Debug */ = {
			isa = XCBuildConfiguration;
			buildSettings = {
				ALWAYS_SEARCH_USER_PATHS = NO;
				CLANG_ANALYZER_NONNULL = YES;
				CLANG_ANALYZER_NUMBER_OBJECT_CONVERSION = YES_AGGRESSIVE;
				CLANG_CXX_LANGUAGE_STANDARD = "gnu++14";
				CLANG_CXX_LIBRARY = "libc++";
				CLANG_ENABLE_MODULES = YES;
				CLANG_ENABLE_OBJC_ARC = YES;
				CLANG_WARN_BLOCK_CAPTURE_AUTORELEASING = YES;
				CLANG_WARN_BOOL_CONVERSION = YES;
				CLANG_WARN_COMMA = YES;
				CLANG_WARN_CONSTANT_CONVERSION = YES;
				CLANG_WARN_DIRECT_OBJC_ISA_USAGE = YES_ERROR;
				CLANG_WARN_DOCUMENTATION_COMMENTS = YES;
				CLANG_WARN_EMPTY_BODY = YES;
				CLANG_WARN_ENUM_CONVERSION = YES;
				CLANG_WARN_INFINITE_RECURSION = YES;
				CLANG_WARN_INT_CONVERSION = YES;
				CLANG_WARN_NON_LITERAL_NULL_CONVERSION = YES;
				CLANG_WARN_OBJC_LITERAL_CONVERSION = YES;
				CLANG_WARN_OBJC_ROOT_CLASS = YES_ERROR;
				CLANG_WARN_RANGE_LOOP_ANALYSIS = YES;
				CLANG_WARN_STRICT_PROTOTYPES = YES;
				CLANG_WARN_SUSPICIOUS_MOVE = YES;
				CLANG_WARN_UNGUARDED_AVAILABILITY = YES_AGGRESSIVE;
				CLANG_WARN_UNREACHABLE_CODE = YES;
				CLANG_WARN__DUPLICATE_METHOD_MATCH = YES;
				CODE_SIGN_IDENTITY = "iPhone Developer";
				COPY_PHASE_STRIP = NO;
				DEBUG_INFORMATION_FORMAT = dwarf;
				ENABLE_STRICT_OBJC_MSGSEND = YES;
				ENABLE_TESTABILITY = YES;
				GCC_C_LANGUAGE_STANDARD = gnu11;
				GCC_DYNAMIC_NO_PIC = NO;
				GCC_NO_COMMON_BLOCKS = YES;
				GCC_OPTIMIZATION_LEVEL = 0;
				GCC_PREPROCESSOR_DEFINITIONS = (
					"DEBUG=1",
					"$(inherited)",
				);
				GCC_WARN_64_TO_32_BIT_CONVERSION = YES;
				GCC_WARN_ABOUT_RETURN_TYPE = YES_ERROR;
				GCC_WARN_UNDECLARED_SELECTOR = YES;
				GCC_WARN_UNINITIALIZED_AUTOS = YES_AGGRESSIVE;
				GCC_WARN_UNUSED_FUNCTION = YES;
				GCC_WARN_UNUSED_VARIABLE = YES;
				IPHONEOS_DEPLOYMENT_TARGET = 11.1;
				MTL_ENABLE_DEBUG_INFO = YES;
				ONLY_ACTIVE_ARCH = YES;
				SDKROOT = iphoneos;
				SWIFT_ACTIVE_COMPILATION_CONDITIONS = DEBUG;
				SWIFT_OPTIMIZATION_LEVEL = "-Onone";
			};
			name = Debug;
		};
		AC9FD1CA1FC70DB900B40B1A /* Release */ = {
			isa = XCBuildConfiguration;
			buildSettings = {
				ALWAYS_SEARCH_USER_PATHS = NO;
				CLANG_ANALYZER_NONNULL = YES;
				CLANG_ANALYZER_NUMBER_OBJECT_CONVERSION = YES_AGGRESSIVE;
				CLANG_CXX_LANGUAGE_STANDARD = "gnu++14";
				CLANG_CXX_LIBRARY = "libc++";
				CLANG_ENABLE_MODULES = YES;
				CLANG_ENABLE_OBJC_ARC = YES;
				CLANG_WARN_BLOCK_CAPTURE_AUTORELEASING = YES;
				CLANG_WARN_BOOL_CONVERSION = YES;
				CLANG_WARN_COMMA = YES;
				CLANG_WARN_CONSTANT_CONVERSION = YES;
				CLANG_WARN_DIRECT_OBJC_ISA_USAGE = YES_ERROR;
				CLANG_WARN_DOCUMENTATION_COMMENTS = YES;
				CLANG_WARN_EMPTY_BODY = YES;
				CLANG_WARN_ENUM_CONVERSION = YES;
				CLANG_WARN_INFINITE_RECURSION = YES;
				CLANG_WARN_INT_CONVERSION = YES;
				CLANG_WARN_NON_LITERAL_NULL_CONVERSION = YES;
				CLANG_WARN_OBJC_LITERAL_CONVERSION = YES;
				CLANG_WARN_OBJC_ROOT_CLASS = YES_ERROR;
				CLANG_WARN_RANGE_LOOP_ANALYSIS = YES;
				CLANG_WARN_STRICT_PROTOTYPES = YES;
				CLANG_WARN_SUSPICIOUS_MOVE = YES;
				CLANG_WARN_UNGUARDED_AVAILABILITY = YES_AGGRESSIVE;
				CLANG_WARN_UNREACHABLE_CODE = YES;
				CLANG_WARN__DUPLICATE_METHOD_MATCH = YES;
				CODE_SIGN_IDENTITY = "iPhone Developer";
				COPY_PHASE_STRIP = NO;
				DEBUG_INFORMATION_FORMAT = "dwarf-with-dsym";
				ENABLE_NS_ASSERTIONS = NO;
				ENABLE_STRICT_OBJC_MSGSEND = YES;
				GCC_C_LANGUAGE_STANDARD = gnu11;
				GCC_NO_COMMON_BLOCKS = YES;
				GCC_WARN_64_TO_32_BIT_CONVERSION = YES;
				GCC_WARN_ABOUT_RETURN_TYPE = YES_ERROR;
				GCC_WARN_UNDECLARED_SELECTOR = YES;
				GCC_WARN_UNINITIALIZED_AUTOS = YES_AGGRESSIVE;
				GCC_WARN_UNUSED_FUNCTION = YES;
				GCC_WARN_UNUSED_VARIABLE = YES;
				IPHONEOS_DEPLOYMENT_TARGET = 11.1;
				MTL_ENABLE_DEBUG_INFO = NO;
				SDKROOT = iphoneos;
				SWIFT_OPTIMIZATION_LEVEL = "-Owholemodule";
				VALIDATE_PRODUCT = YES;
			};
			name = Release;
		};
		AC9FD1CC1FC70DB900B40B1A /* Debug */ = {
			isa = XCBuildConfiguration;
			buildSettings = {
				ASSETCATALOG_COMPILER_APPICON_NAME = AppIcon;
				CODE_SIGN_STYLE = Automatic;
				INFOPLIST_FILE = "Dzikir Ba'da Sholat/Info.plist";
				LD_RUNPATH_SEARCH_PATHS = "$(inherited) @executable_path/Frameworks";
				PRODUCT_BUNDLE_IDENTIFIER = "ABI-SA.Dzikir-Ba-da-Sholat";
				PRODUCT_NAME = "$(TARGET_NAME)";
				SWIFT_VERSION = 4.0;
				TARGETED_DEVICE_FAMILY = "1,2";
			};
			name = Debug;
		};
		AC9FD1CD1FC70DB900B40B1A /* Release */ = {
			isa = XCBuildConfiguration;
			buildSettings = {
				ASSETCATALOG_COMPILER_APPICON_NAME = AppIcon;
				CODE_SIGN_STYLE = Automatic;
				INFOPLIST_FILE = "Dzikir Ba'da Sholat/Info.plist";
				LD_RUNPATH_SEARCH_PATHS = "$(inherited) @executable_path/Frameworks";
				PRODUCT_BUNDLE_IDENTIFIER = "ABI-SA.Dzikir-Ba-da-Sholat";
				PRODUCT_NAME = "$(TARGET_NAME)";
				SWIFT_VERSION = 4.0;
				TARGETED_DEVICE_FAMILY = "1,2";
			};
			name = Release;
		};
		AC9FD1CF1FC70DB900B40B1A /* Debug */ = {
			isa = XCBuildConfiguration;
			buildSettings = {
				ALWAYS_EMBED_SWIFT_STANDARD_LIBRARIES = YES;
				BUNDLE_LOADER = "$(TEST_HOST)";
				CODE_SIGN_STYLE = Automatic;
				INFOPLIST_FILE = "Dzikir Ba'da SholatTests/Info.plist";
				LD_RUNPATH_SEARCH_PATHS = "$(inherited) @executable_path/Frameworks @loader_path/Frameworks";
				PRODUCT_BUNDLE_IDENTIFIER = "ABI-SA.Dzikir-Ba-da-SholatTests";
				PRODUCT_NAME = "$(TARGET_NAME)";
				SWIFT_VERSION = 4.0;
				TARGETED_DEVICE_FAMILY = "1,2";
				TEST_HOST = "$(BUILT_PRODUCTS_DIR)/Dzikir Ba'da Sholat.app/Dzikir Ba'da Sholat";
			};
			name = Debug;
		};
		AC9FD1D01FC70DB900B40B1A /* Release */ = {
			isa = XCBuildConfiguration;
			buildSettings = {
				ALWAYS_EMBED_SWIFT_STANDARD_LIBRARIES = YES;
				BUNDLE_LOADER = "$(TEST_HOST)";
				CODE_SIGN_STYLE = Automatic;
				INFOPLIST_FILE = "Dzikir Ba'da SholatTests/Info.plist";
				LD_RUNPATH_SEARCH_PATHS = "$(inherited) @executable_path/Frameworks @loader_path/Frameworks";
				PRODUCT_BUNDLE_IDENTIFIER = "ABI-SA.Dzikir-Ba-da-SholatTests";
				PRODUCT_NAME = "$(TARGET_NAME)";
				SWIFT_VERSION = 4.0;
				TARGETED_DEVICE_FAMILY = "1,2";
				TEST_HOST = "$(BUILT_PRODUCTS_DIR)/Dzikir Ba'da Sholat.app/Dzikir Ba'da Sholat";
			};
			name = Release;
		};
		AC9FD1D21FC70DB900B40B1A /* Debug */ = {
			isa = XCBuildConfiguration;
			buildSettings = {
				ALWAYS_EMBED_SWIFT_STANDARD_LIBRARIES = YES;
				CODE_SIGN_STYLE = Automatic;
				INFOPLIST_FILE = "Dzikir Ba'da SholatUITests/Info.plist";
				LD_RUNPATH_SEARCH_PATHS = "$(inherited) @executable_path/Frameworks @loader_path/Frameworks";
				PRODUCT_BUNDLE_IDENTIFIER = "ABI-SA.Dzikir-Ba-da-SholatUITests";
				PRODUCT_NAME = "$(TARGET_NAME)";
				SWIFT_VERSION = 4.0;
				TARGETED_DEVICE_FAMILY = "1,2";
				TEST_TARGET_NAME = "Dzikir Ba'da Sholat";
			};
			name = Debug;
		};
		AC9FD1D31FC70DB900B40B1A /* Release */ = {
			isa = XCBuildConfiguration;
			buildSettings = {
				ALWAYS_EMBED_SWIFT_STANDARD_LIBRARIES = YES;
				CODE_SIGN_STYLE = Automatic;
				INFOPLIST_FILE = "Dzikir Ba'da SholatUITests/Info.plist";
				LD_RUNPATH_SEARCH_PATHS = "$(inherited) @executable_path/Frameworks @loader_path/Frameworks";
				PRODUCT_BUNDLE_IDENTIFIER = "ABI-SA.Dzikir-Ba-da-SholatUITests";
				PRODUCT_NAME = "$(TARGET_NAME)";
				SWIFT_VERSION = 4.0;
				TARGETED_DEVICE_FAMILY = "1,2";
				TEST_TARGET_NAME = "Dzikir Ba'da Sholat";
			};
			name = Release;
		};
/* End XCBuildConfiguration section */

/* Begin XCConfigurationList section */
		AC9FD19E1FC70DB900B40B1A /* Build configuration list for PBXProject "Dzikir Ba'da Sholat" */ = {
			isa = XCConfigurationList;
			buildConfigurations = (
				AC9FD1C91FC70DB900B40B1A /* Debug */,
				AC9FD1CA1FC70DB900B40B1A /* Release */,
			);
			defaultConfigurationIsVisible = 0;
			defaultConfigurationName = Release;
		};
		AC9FD1CB1FC70DB900B40B1A /* Build configuration list for PBXNativeTarget "Dzikir Ba'da Sholat" */ = {
			isa = XCConfigurationList;
			buildConfigurations = (
				AC9FD1CC1FC70DB900B40B1A /* Debug */,
				AC9FD1CD1FC70DB900B40B1A /* Release */,
			);
			defaultConfigurationIsVisible = 0;
			defaultConfigurationName = Release;
		};
		AC9FD1CE1FC70DB900B40B1A /* Build configuration list for PBXNativeTarget "Dzikir Ba'da SholatTests" */ = {
			isa = XCConfigurationList;
			buildConfigurations = (
				AC9FD1CF1FC70DB900B40B1A /* Debug */,
				AC9FD1D01FC70DB900B40B1A /* Release */,
			);
			defaultConfigurationIsVisible = 0;
			defaultConfigurationName = Release;
		};
		AC9FD1D11FC70DB900B40B1A /* Build configuration list for PBXNativeTarget "Dzikir Ba'da SholatUITests" */ = {
			isa = XCConfigurationList;
			buildConfigurations = (
				AC9FD1D21FC70DB900B40B1A /* Debug */,
				AC9FD1D31FC70DB900B40B1A /* Release */,
			);
			defaultConfigurationIsVisible = 0;
			defaultConfigurationName = Release;
		};
/* End XCConfigurationList section */
	};
	rootObject = AC9FD19B1FC70DB900B40B1A /* Project object */;
}
